
Microsoft Visual Studio Solution File, Format Version 12.00
# Visual Studio 14
VisualStudioVersion = 14.0.25420.1
MinimumVisualStudioVersion = 10.0.40219.1
Project("{FAE04EC0-301F-11D3-BF4B-00C04F79EFBC}") = "Task_4", "Task_4\Task_4.csproj", "{CE548A91-D008-43E4-BC93-601BEB941B2A}"
EndProject
Global
	GlobalSection(SolutionConfigurationPlatforms) = preSolution
		Debug|Any CPU = Debug|Any CPU
		Release|Any CPU = Release|Any CPU
	EndGlobalSection
	GlobalSection(ProjectConfigurationPlatforms) = postSolution
		{CE548A91-D008-43E4-BC93-601BEB941B2A}.Debug|Any CPU.ActiveCfg = Debug|Any CPU
		{CE548A91-D008-43E4-BC93-601BEB941B2A}.Debug|Any CPU.Build.0 = Debug|Any CPU
		{CE548A91-D008-43E4-BC93-601BEB941B2A}.Release|Any CPU.ActiveCfg = Release|Any CPU
		{CE548A91-D008-43E4-BC93-601BEB941B2A}.Release|Any CPU.Build.0 = Release|Any CPU
	EndGlobalSection
	GlobalSection(SolutionProperties) = preSolution
		HideSolutionNode = FALSE
	EndGlobalSection
EndGlobal
